
Microsoft Visual Studio Solution File, Format Version 12.00
# Visual Studio Version 16
VisualStudioVersion = 16.0.31424.327
MinimumVisualStudioVersion = 10.0.40219.1
Project("{888888A0-9F3D-457C-B088-3A5042F75D52}") = "Codecadamy 3 Lists Make Some Pizza", "Codecadamy 3 Lists Make Some Pizza.pyproj", "{4E0EED01-6C75-44FE-8A5E-172B7BC25B5F}"
EndProject
Global
	GlobalSection(SolutionConfigurationPlatforms) = preSolution
		Debug|Any CPU = Debug|Any CPU
		Release|Any CPU = Release|Any CPU
	EndGlobalSection
	GlobalSection(ProjectConfigurationPlatforms) = postSolution
		{4E0EED01-6C75-44FE-8A5E-172B7BC25B5F}.Debug|Any CPU.ActiveCfg = Debug|Any CPU
		{4E0EED01-6C75-44FE-8A5E-172B7BC25B5F}.Release|Any CPU.ActiveCfg = Release|Any CPU
	EndGlobalSection
	GlobalSection(SolutionProperties) = preSolution
		HideSolutionNode = FALSE
	EndGlobalSection
	GlobalSection(ExtensibilityGlobals) = postSolution
		SolutionGuid = {AA395DA4-E835-48C1-93CD-FD69DAAB099A}
	EndGlobalSection
EndGlobal
